Microsoft Visual Studio Solution File, Format Version 12.00
# Visual Studio 15
VisualStudioVersion = 15.0.26124.0
MinimumVisualStudioVersion = 15.0.26124.0
Project("{9A19103F-16F7-4668-BE54-9A1E7A4F7556}") = "Object.Extensions", "Utilities\Object.Extensions\Object.Extensions.csproj", "{655F0B58-140C-4244-A235-7DD253F1C714}"
EndProject
Project("{9A19103F-16F7-4668-BE54-9A1E7A4F7556}") = "Object.Extensions.Tests", "Utilities\Object.Extensions.Tests\Object.Extensions.Tests.csproj", "{282F7A05-F3A6-4C8E-889A-38009838295C}"
EndProject
Project("{9A19103F-16F7-4668-BE54-9A1E7A4F7556}") = "Programmer.Common", "Application\Programmer.Common\Programmer.Common.csproj", "{A747EC04-8014-4484-A6DE-5ADDE3481EAC}"
EndProject
Project("{9A19103F-16F7-4668-BE54-9A1E7A4F7556}") = "Programmer.Common.Tests", "Application\Programmer.Common.Tests\Programmer.Common.Tests.csproj", "{CD15AF4A-4E3E-4391-957F-F9CEA91E2CF0}"
EndProject
Project("{2150E333-8FDC-42A3-9474-1A3956D46DE8}") = "BuildingBlocks", "BuildingBlocks", "{AB276ECA-497C-4E0A-8B9F-1CDB949D0455}"
EndProject
Project("{9A19103F-16F7-4668-BE54-9A1E7A4F7556}") = "EventBus.Tests", "BuildingBlocks\EventBus.Tests\EventBus.Tests.csproj", "{168A6F07-DEE3-46A3-9733-92C9E24A3A98}"
EndProject
Project("{9A19103F-16F7-4668-BE54-9A1E7A4F7556}") = "RabbitMqEventBus", "BuildingBlocks\RabbitMqEventBus\RabbitMqEventBus.csproj", "{7DFD54AD-9F66-4B07-BA4F-86CAE02F4DE5}"
EndProject
Project("{9A19103F-16F7-4668-BE54-9A1E7A4F7556}") = "EventBus", "BuildingBlocks\EventBus\EventBus.csproj", "{89A57E05-AE25-4E8B-9B26-86D117A7CDB0}"
EndProject
Project("{9A19103F-16F7-4668-BE54-9A1E7A4F7556}") = "CacheManager", "BuildingBlocks\CacheManager\CacheManager.csproj", "{73E5625E-B21E-4CD8-8805-C08B1AD3B1CD}"
EndProject
Project("{9A19103F-16F7-4668-BE54-9A1E7A4F7556}") = "MemoryCacheManager", "BuildingBlocks\MemoryCacheManager\MemoryCacheManager.csproj", "{205F1D26-BEE6-48C7-A7E0-D46C003885AB}"
EndProject
Project("{2150E333-8FDC-42A3-9474-1A3956D46DE8}") = "Components", "Components", "{5C5DD7A3-BFEC-443F-B174-BD50503CC6C6}"
EndProject
Project("{9A19103F-16F7-4668-BE54-9A1E7A4F7556}") = "PnpServiceFake", "Components\PnpServiceFake\PnpServiceFake.csproj", "{57FEAEA1-3692-43A9-9D4B-8395E4AB6139}"
EndProject
Project("{E53339B2-1760-4266-BCC7-CA923CBCF16C}") = "docker-compose", "docker-compose.dcproj", "{CAF227D7-2B69-4074-86A2-B4A46A6FB6C1}"
EndProject
Project("{2150E333-8FDC-42A3-9474-1A3956D46DE8}") = "IntegrationTests", "IntegrationTests", "{55E1A193-1FFD-4B94-8DCB-90E0702C0733}"
EndProject
Project("{9A19103F-16F7-4668-BE54-9A1E7A4F7556}") = "Programmer.Test.Framework", "IntegrationTests\Programmer.Test.Framework\Programmer.Test.Framework.csproj", "{FBB95C6F-E16D-4B2D-941A-8689F852B0D2}"
EndProject
Project("{9A19103F-16F7-4668-BE54-9A1E7A4F7556}") = "Programmer.WebServer.IntegrationTests", "IntegrationTests\Programmer.WebServer.IntegrationTests\Programmer.WebServer.IntegrationTests.csproj", "{CAE5A30F-9ED7-4ABA-A576-0A2E568BBC41}"
EndProject
Project("{2150E333-8FDC-42A3-9474-1A3956D46DE8}") = "Functionals", "Functionals", "{C77B9177-4331-4EA9-848A-F39795A00F03}"
EndProject
Project("{9A19103F-16F7-4668-BE54-9A1E7A4F7556}") = "Calculator.WebServer", "Functional\Calculator.WebServer\Calculator.WebServer.csproj", "{9F4AFECB-C2E5-4C4B-B626-00C9DF98AF6F}"
EndProject
Project("{9A19103F-16F7-4668-BE54-9A1E7A4F7556}") = "Calculator.WebServer.Tests", "Functional\Calculator.WebServer.Tests\Calculator.WebServer.Tests.csproj", "{27B19C35-BE4D-4B2E-A1A6-590F08F9A47E}"
EndProject
Project("{2150E333-8FDC-42A3-9474-1A3956D46DE8}") = "Application", "Application", "{28B7BA95-2D04-4E80-965F-B1BC9CC1CCFF}"
EndProject
Project("{9A19103F-16F7-4668-BE54-9A1E7A4F7556}") = "Programmer.Common.Fakes", "Application\Programmer.Common.Fakes\Programmer.Common.Fakes.csproj", "{1DB9DB51-582F-42C7-8EF4-1DA23D059128}"
EndProject
Project("{9A19103F-16F7-4668-BE54-9A1E7A4F7556}") = "Programmer.WebServer", "Application\Programmer.WebServer\Programmer.WebServer.csproj", "{44477FED-13E9-48ED-BD97-E67378981FF2}"
EndProject
Project("{9A19103F-16F7-4668-BE54-9A1E7A4F7556}") = "Programmer.WebServer.Tests", "Application\Programmer.WebServer.Tests\Programmer.WebServer.Tests.csproj", "{D2DDCA89-FE76-4E55-B322-02AAE7A5DD00}"
EndProject
Project("{2150E333-8FDC-42A3-9474-1A3956D46DE8}") = "Utilities", "Utilities", "{353098FA-8E2D-4A19-AE93-21449DB6DDFA}"
EndProject
Project("{9A19103F-16F7-4668-BE54-9A1E7A4F7556}") = "HttpUtilites", "Utilities\HttpUtilites\HttpUtilites.csproj", "{A8525FAF-C76A-4998-9A54-2EF2FE884F8E}"
EndProject
Project("{9A19103F-16F7-4668-BE54-9A1E7A4F7556}") = "HttpUtilities.Tests", "Utilities\HttpUtilities.Tests\HttpUtilities.Tests.csproj", "{D7C0E3CA-7754-4229-A3F6-EE822FD088E3}"
EndProject
Project("{9A19103F-16F7-4668-BE54-9A1E7A4F7556}") = "Programmer.Db.LiteDb", "Components\Programmer.Db.LiteDb\Programmer.Db.LiteDb.csproj", "{66958FA4-2444-4A5D-91F0-C1CB73ECEB7A}"
EndProject
Project("{FAE04EC0-301F-11D3-BF4B-00C04F79EFBC}") = "Programmer.Db.LiteDb.Tests", "Components\Programmer.Db.LiteDb.Tests\Programmer.Db.LiteDb.Tests.csproj", "{30EA7908-76D5-4E1A-AC81-E8FCCA0760E2}"
EndProject
Global
	GlobalSection(SolutionConfigurationPlatforms) = preSolution
		Debug|Any CPU = Debug|Any CPU
		Debug|x64 = Debug|x64
		Debug|x86 = Debug|x86
		Release|Any CPU = Release|Any CPU
		Release|x64 = Release|x64
		Release|x86 = Release|x86
	EndGlobalSection
	GlobalSection(ProjectConfigurationPlatforms) = postSolution
		{655F0B58-140C-4244-A235-7DD253F1C714}.Debug|Any CPU.ActiveCfg = Debug|Any CPU
		{655F0B58-140C-4244-A235-7DD253F1C714}.Debug|Any CPU.Build.0 = Debug|Any CPU
		{655F0B58-140C-4244-A235-7DD253F1C714}.Debug|x64.ActiveCfg = Debug|Any CPU
		{655F0B58-140C-4244-A235-7DD253F1C714}.Debug|x64.Build.0 = Debug|Any CPU
		{655F0B58-140C-4244-A235-7DD253F1C714}.Debug|x86.ActiveCfg = Debug|Any CPU
		{655F0B58-140C-4244-A235-7DD253F1C714}.Debug|x86.Build.0 = Debug|Any CPU
		{655F0B58-140C-4244-A235-7DD253F1C714}.Release|Any CPU.ActiveCfg = Release|Any CPU
		{655F0B58-140C-4244-A235-7DD253F1C714}.Release|Any CPU.Build.0 = Release|Any CPU
		{655F0B58-140C-4244-A235-7DD253F1C714}.Release|x64.ActiveCfg = Release|Any CPU
		{655F0B58-140C-4244-A235-7DD253F1C714}.Release|x64.Build.0 = Release|Any CPU
		{655F0B58-140C-4244-A235-7DD253F1C714}.Release|x86.ActiveCfg = Release|Any CPU
		{655F0B58-140C-4244-A235-7DD253F1C714}.Release|x86.Build.0 = Release|Any CPU
		{282F7A05-F3A6-4C8E-889A-38009838295C}.Debug|Any CPU.ActiveCfg = Debug|Any CPU
		{282F7A05-F3A6-4C8E-889A-38009838295C}.Debug|Any CPU.Build.0 = Debug|Any CPU
		{282F7A05-F3A6-4C8E-889A-38009838295C}.Debug|x64.ActiveCfg = Debug|Any CPU
		{282F7A05-F3A6-4C8E-889A-38009838295C}.Debug|x64.Build.0 = Debug|Any CPU
		{282F7A05-F3A6-4C8E-889A-38009838295C}.Debug|x86.ActiveCfg = Debug|Any CPU
		{282F7A05-F3A6-4C8E-889A-38009838295C}.Debug|x86.Build.0 = Debug|Any CPU
		{282F7A05-F3A6-4C8E-889A-38009838295C}.Release|Any CPU.ActiveCfg = Release|Any CPU
		{282F7A05-F3A6-4C8E-889A-38009838295C}.Release|Any CPU.Build.0 = Release|Any CPU
		{282F7A05-F3A6-4C8E-889A-38009838295C}.Release|x64.ActiveCfg = Release|Any CPU
		{282F7A05-F3A6-4C8E-889A-38009838295C}.Release|x64.Build.0 = Release|Any CPU
		{282F7A05-F3A6-4C8E-889A-38009838295C}.Release|x86.ActiveCfg = Release|Any CPU
		{282F7A05-F3A6-4C8E-889A-38009838295C}.Release|x86.Build.0 = Release|Any CPU
		{A747EC04-8014-4484-A6DE-5ADDE3481EAC}.Debug|Any CPU.ActiveCfg = Debug|Any CPU
		{A747EC04-8014-4484-A6DE-5ADDE3481EAC}.Debug|Any CPU.Build.0 = Debug|Any CPU
		{A747EC04-8014-4484-A6DE-5ADDE3481EAC}.Debug|x64.ActiveCfg = Debug|Any CPU
		{A747EC04-8014-4484-A6DE-5ADDE3481EAC}.Debug|x64.Build.0 = Debug|Any CPU
		{A747EC04-8014-4484-A6DE-5ADDE3481EAC}.Debug|x86.ActiveCfg = Debug|Any CPU
		{A747EC04-8014-4484-A6DE-5ADDE3481EAC}.Debug|x86.Build.0 = Debug|Any CPU
		{A747EC04-8014-4484-A6DE-5ADDE3481EAC}.Release|Any CPU.ActiveCfg = Release|Any CPU
		{A747EC04-8014-4484-A6DE-5ADDE3481EAC}.Release|Any CPU.Build.0 = Release|Any CPU
		{A747EC04-8014-4484-A6DE-5ADDE3481EAC}.Release|x64.ActiveCfg = Release|Any CPU
		{A747EC04-8014-4484-A6DE-5ADDE3481EAC}.Release|x64.Build.0 = Release|Any CPU
		{A747EC04-8014-4484-A6DE-5ADDE3481EAC}.Release|x86.ActiveCfg = Release|Any CPU
		{A747EC04-8014-4484-A6DE-5ADDE3481EAC}.Release|x86.Build.0 = Release|Any CPU
		{CD15AF4A-4E3E-4391-957F-F9CEA91E2CF0}.Debug|Any CPU.ActiveCfg = Debug|Any CPU
		{CD15AF4A-4E3E-4391-957F-F9CEA91E2CF0}.Debug|Any CPU.Build.0 = Debug|Any CPU
		{CD15AF4A-4E3E-4391-957F-F9CEA91E2CF0}.Debug|x64.ActiveCfg = Debug|Any CPU
		{CD15AF4A-4E3E-4391-957F-F9CEA91E2CF0}.Debug|x64.Build.0 = Debug|Any CPU
		{CD15AF4A-4E3E-4391-957F-F9CEA91E2CF0}.Debug|x86.ActiveCfg = Debug|Any CPU
		{CD15AF4A-4E3E-4391-957F-F9CEA91E2CF0}.Debug|x86.Build.0 = Debug|Any CPU
		{CD15AF4A-4E3E-4391-957F-F9CEA91E2CF0}.Release|Any CPU.ActiveCfg = Release|Any CPU
		{CD15AF4A-4E3E-4391-957F-F9CEA91E2CF0}.Release|Any CPU.Build.0 = Release|Any CPU
		{CD15AF4A-4E3E-4391-957F-F9CEA91E2CF0}.Release|x64.ActiveCfg = Release|Any CPU
		{CD15AF4A-4E3E-4391-957F-F9CEA91E2CF0}.Release|x64.Build.0 = Release|Any CPU
		{CD15AF4A-4E3E-4391-957F-F9CEA91E2CF0}.Release|x86.ActiveCfg = Release|Any CPU
		{CD15AF4A-4E3E-4391-957F-F9CEA91E2CF0}.Release|x86.Build.0 = Release|Any CPU
		{168A6F07-DEE3-46A3-9733-92C9E24A3A98}.Debug|Any CPU.ActiveCfg = Debug|Any CPU
		{168A6F07-DEE3-46A3-9733-92C9E24A3A98}.Debug|Any CPU.Build.0 = Debug|Any CPU
		{168A6F07-DEE3-46A3-9733-92C9E24A3A98}.Debug|x64.ActiveCfg = Debug|Any CPU
		{168A6F07-DEE3-46A3-9733-92C9E24A3A98}.Debug|x64.Build.0 = Debug|Any CPU
		{168A6F07-DEE3-46A3-9733-92C9E24A3A98}.Debug|x86.ActiveCfg = Debug|Any CPU
		{168A6F07-DEE3-46A3-9733-92C9E24A3A98}.Debug|x86.Build.0 = Debug|Any CPU
		{168A6F07-DEE3-46A3-9733-92C9E24A3A98}.Release|Any CPU.ActiveCfg = Release|Any CPU
		{168A6F07-DEE3-46A3-9733-92C9E24A3A98}.Release|Any CPU.Build.0 = Release|Any CPU
		{168A6F07-DEE3-46A3-9733-92C9E24A3A98}.Release|x64.ActiveCfg = Release|Any CPU
		{168A6F07-DEE3-46A3-9733-92C9E24A3A98}.Release|x64.Build.0 = Release|Any CPU
		{168A6F07-DEE3-46A3-9733-92C9E24A3A98}.Release|x86.ActiveCfg = Release|Any CPU
		{168A6F07-DEE3-46A3-9733-92C9E24A3A98}.Release|x86.Build.0 = Release|Any CPU
		{7DFD54AD-9F66-4B07-BA4F-86CAE02F4DE5}.Debug|Any CPU.ActiveCfg = Debug|Any CPU
		{7DFD54AD-9F66-4B07-BA4F-86CAE02F4DE5}.Debug|Any CPU.Build.0 = Debug|Any CPU
		{7DFD54AD-9F66-4B07-BA4F-86CAE02F4DE5}.Debug|x64.ActiveCfg = Debug|Any CPU
		{7DFD54AD-9F66-4B07-BA4F-86CAE02F4DE5}.Debug|x64.Build.0 = Debug|Any CPU
		{7DFD54AD-9F66-4B07-BA4F-86CAE02F4DE5}.Debug|x86.ActiveCfg = Debug|Any CPU
		{7DFD54AD-9F66-4B07-BA4F-86CAE02F4DE5}.Debug|x86.Build.0 = Debug|Any CPU
		{7DFD54AD-9F66-4B07-BA4F-86CAE02F4DE5}.Release|Any CPU.ActiveCfg = Release|Any CPU
		{7DFD54AD-9F66-4B07-BA4F-86CAE02F4DE5}.Release|Any CPU.Build.0 = Release|Any CPU
		{7DFD54AD-9F66-4B07-BA4F-86CAE02F4DE5}.Release|x64.ActiveCfg = Release|Any CPU
		{7DFD54AD-9F66-4B07-BA4F-86CAE02F4DE5}.Release|x64.Build.0 = Release|Any CPU
		{7DFD54AD-9F66-4B07-BA4F-86CAE02F4DE5}.Release|x86.ActiveCfg = Release|Any CPU
		{7DFD54AD-9F66-4B07-BA4F-86CAE02F4DE5}.Release|x86.Build.0 = Release|Any CPU
		{89A57E05-AE25-4E8B-9B26-86D117A7CDB0}.Debug|Any CPU.ActiveCfg = Debug|Any CPU
		{89A57E05-AE25-4E8B-9B26-86D117A7CDB0}.Debug|Any CPU.Build.0 = Debug|Any CPU
		{89A57E05-AE25-4E8B-9B26-86D117A7CDB0}.Debug|x64.ActiveCfg = Debug|Any CPU
		{89A57E05-AE25-4E8B-9B26-86D117A7CDB0}.Debug|x64.Build.0 = Debug|Any CPU
		{89A57E05-AE25-4E8B-9B26-86D117A7CDB0}.Debug|x86.ActiveCfg = Debug|Any CPU
		{89A57E05-AE25-4E8B-9B26-86D117A7CDB0}.Debug|x86.Build.0 = Debug|Any CPU
		{89A57E05-AE25-4E8B-9B26-86D117A7CDB0}.Release|Any CPU.ActiveCfg = Release|Any CPU
		{89A57E05-AE25-4E8B-9B26-86D117A7CDB0}.Release|Any CPU.Build.0 = Release|Any CPU
		{89A57E05-AE25-4E8B-9B26-86D117A7CDB0}.Release|x64.ActiveCfg = Release|Any CPU
		{89A57E05-AE25-4E8B-9B26-86D117A7CDB0}.Release|x64.Build.0 = Release|Any CPU
		{89A57E05-AE25-4E8B-9B26-86D117A7CDB0}.Release|x86.ActiveCfg = Release|Any CPU
		{89A57E05-AE25-4E8B-9B26-86D117A7CDB0}.Release|x86.Build.0 = Release|Any CPU
		{73E5625E-B21E-4CD8-8805-C08B1AD3B1CD}.Debug|Any CPU.ActiveCfg = Debug|Any CPU
		{73E5625E-B21E-4CD8-8805-C08B1AD3B1CD}.Debug|Any CPU.Build.0 = Debug|Any CPU
		{73E5625E-B21E-4CD8-8805-C08B1AD3B1CD}.Debug|x64.ActiveCfg = Debug|Any CPU
		{73E5625E-B21E-4CD8-8805-C08B1AD3B1CD}.Debug|x64.Build.0 = Debug|Any CPU
		{73E5625E-B21E-4CD8-8805-C08B1AD3B1CD}.Debug|x86.ActiveCfg = Debug|Any CPU
		{73E5625E-B21E-4CD8-8805-C08B1AD3B1CD}.Debug|x86.Build.0 = Debug|Any CPU
		{73E5625E-B21E-4CD8-8805-C08B1AD3B1CD}.Release|Any CPU.ActiveCfg = Release|Any CPU
		{73E5625E-B21E-4CD8-8805-C08B1AD3B1CD}.Release|Any CPU.Build.0 = Release|Any CPU
		{73E5625E-B21E-4CD8-8805-C08B1AD3B1CD}.Release|x64.ActiveCfg = Release|Any CPU
		{73E5625E-B21E-4CD8-8805-C08B1AD3B1CD}.Release|x64.Build.0 = Release|Any CPU
		{73E5625E-B21E-4CD8-8805-C08B1AD3B1CD}.Release|x86.ActiveCfg = Release|Any CPU
		{73E5625E-B21E-4CD8-8805-C08B1AD3B1CD}.Release|x86.Build.0 = Release|Any CPU
		{205F1D26-BEE6-48C7-A7E0-D46C003885AB}.Debug|Any CPU.ActiveCfg = Debug|Any CPU
		{205F1D26-BEE6-48C7-A7E0-D46C003885AB}.Debug|Any CPU.Build.0 = Debug|Any CPU
		{205F1D26-BEE6-48C7-A7E0-D46C003885AB}.Debug|x64.ActiveCfg = Debug|Any CPU
		{205F1D26-BEE6-48C7-A7E0-D46C003885AB}.Debug|x64.Build.0 = Debug|Any CPU
		{205F1D26-BEE6-48C7-A7E0-D46C003885AB}.Debug|x86.ActiveCfg = Debug|Any CPU
		{205F1D26-BEE6-48C7-A7E0-D46C003885AB}.Debug|x86.Build.0 = Debug|Any CPU
		{205F1D26-BEE6-48C7-A7E0-D46C003885AB}.Release|Any CPU.ActiveCfg = Release|Any CPU
		{205F1D26-BEE6-48C7-A7E0-D46C003885AB}.Release|Any CPU.Build.0 = Release|Any CPU
		{205F1D26-BEE6-48C7-A7E0-D46C003885AB}.Release|x64.ActiveCfg = Release|Any CPU
		{205F1D26-BEE6-48C7-A7E0-D46C003885AB}.Release|x64.Build.0 = Release|Any CPU
		{205F1D26-BEE6-48C7-A7E0-D46C003885AB}.Release|x86.ActiveCfg = Release|Any CPU
		{205F1D26-BEE6-48C7-A7E0-D46C003885AB}.Release|x86.Build.0 = Release|Any CPU
		{57FEAEA1-3692-43A9-9D4B-8395E4AB6139}.Debug|Any CPU.ActiveCfg = Debug|Any CPU
		{57FEAEA1-3692-43A9-9D4B-8395E4AB6139}.Debug|Any CPU.Build.0 = Debug|Any CPU
		{57FEAEA1-3692-43A9-9D4B-8395E4AB6139}.Debug|x64.ActiveCfg = Debug|Any CPU
		{57FEAEA1-3692-43A9-9D4B-8395E4AB6139}.Debug|x64.Build.0 = Debug|Any CPU
		{57FEAEA1-3692-43A9-9D4B-8395E4AB6139}.Debug|x86.ActiveCfg = Debug|Any CPU
		{57FEAEA1-3692-43A9-9D4B-8395E4AB6139}.Debug|x86.Build.0 = Debug|Any CPU
		{57FEAEA1-3692-43A9-9D4B-8395E4AB6139}.Release|Any CPU.ActiveCfg = Release|Any CPU
		{57FEAEA1-3692-43A9-9D4B-8395E4AB6139}.Release|Any CPU.Build.0 = Release|Any CPU
		{57FEAEA1-3692-43A9-9D4B-8395E4AB6139}.Release|x64.ActiveCfg = Release|Any CPU
		{57FEAEA1-3692-43A9-9D4B-8395E4AB6139}.Release|x64.Build.0 = Release|Any CPU
		{57FEAEA1-3692-43A9-9D4B-8395E4AB6139}.Release|x86.ActiveCfg = Release|Any CPU
		{57FEAEA1-3692-43A9-9D4B-8395E4AB6139}.Release|x86.Build.0 = Release|Any CPU
		{CAF227D7-2B69-4074-86A2-B4A46A6FB6C1}.Debug|Any CPU.ActiveCfg = Debug|Any CPU
		{CAF227D7-2B69-4074-86A2-B4A46A6FB6C1}.Debug|Any CPU.Build.0 = Debug|Any CPU
		{CAF227D7-2B69-4074-86A2-B4A46A6FB6C1}.Debug|x64.ActiveCfg = Debug|Any CPU
		{CAF227D7-2B69-4074-86A2-B4A46A6FB6C1}.Debug|x64.Build.0 = Debug|Any CPU
		{CAF227D7-2B69-4074-86A2-B4A46A6FB6C1}.Debug|x86.ActiveCfg = Debug|Any CPU
		{CAF227D7-2B69-4074-86A2-B4A46A6FB6C1}.Debug|x86.Build.0 = Debug|Any CPU
		{CAF227D7-2B69-4074-86A2-B4A46A6FB6C1}.Release|Any CPU.ActiveCfg = Release|Any CPU
		{CAF227D7-2B69-4074-86A2-B4A46A6FB6C1}.Release|Any CPU.Build.0 = Release|Any CPU
		{CAF227D7-2B69-4074-86A2-B4A46A6FB6C1}.Release|x64.ActiveCfg = Release|Any CPU
		{CAF227D7-2B69-4074-86A2-B4A46A6FB6C1}.Release|x64.Build.0 = Release|Any CPU
		{CAF227D7-2B69-4074-86A2-B4A46A6FB6C1}.Release|x86.ActiveCfg = Release|Any CPU
		{CAF227D7-2B69-4074-86A2-B4A46A6FB6C1}.Release|x86.Build.0 = Release|Any CPU
		{FBB95C6F-E16D-4B2D-941A-8689F852B0D2}.Debug|Any CPU.ActiveCfg = Debug|Any CPU
		{FBB95C6F-E16D-4B2D-941A-8689F852B0D2}.Debug|Any CPU.Build.0 = Debug|Any CPU
		{FBB95C6F-E16D-4B2D-941A-8689F852B0D2}.Debug|x64.ActiveCfg = Debug|Any CPU
		{FBB95C6F-E16D-4B2D-941A-8689F852B0D2}.Debug|x64.Build.0 = Debug|Any CPU
		{FBB95C6F-E16D-4B2D-941A-8689F852B0D2}.Debug|x86.ActiveCfg = Debug|Any CPU
		{FBB95C6F-E16D-4B2D-941A-8689F852B0D2}.Debug|x86.Build.0 = Debug|Any CPU
		{FBB95C6F-E16D-4B2D-941A-8689F852B0D2}.Release|Any CPU.ActiveCfg = Release|Any CPU
		{FBB95C6F-E16D-4B2D-941A-8689F852B0D2}.Release|Any CPU.Build.0 = Release|Any CPU
		{FBB95C6F-E16D-4B2D-941A-8689F852B0D2}.Release|x64.ActiveCfg = Release|Any CPU
		{FBB95C6F-E16D-4B2D-941A-8689F852B0D2}.Release|x64.Build.0 = Release|Any CPU
		{FBB95C6F-E16D-4B2D-941A-8689F852B0D2}.Release|x86.ActiveCfg = Release|Any CPU
		{FBB95C6F-E16D-4B2D-941A-8689F852B0D2}.Release|x86.Build.0 = Release|Any CPU
		{CAE5A30F-9ED7-4ABA-A576-0A2E568BBC41}.Debug|Any CPU.ActiveCfg = Debug|Any CPU
		{CAE5A30F-9ED7-4ABA-A576-0A2E568BBC41}.Debug|Any CPU.Build.0 = Debug|Any CPU
		{CAE5A30F-9ED7-4ABA-A576-0A2E568BBC41}.Debug|x64.ActiveCfg = Debug|Any CPU
		{CAE5A30F-9ED7-4ABA-A576-0A2E568BBC41}.Debug|x64.Build.0 = Debug|Any CPU
		{CAE5A30F-9ED7-4ABA-A576-0A2E568BBC41}.Debug|x86.ActiveCfg = Debug|Any CPU
		{CAE5A30F-9ED7-4ABA-A576-0A2E568BBC41}.Debug|x86.Build.0 = Debug|Any CPU
		{CAE5A30F-9ED7-4ABA-A576-0A2E568BBC41}.Release|Any CPU.ActiveCfg = Release|Any CPU
		{CAE5A30F-9ED7-4ABA-A576-0A2E568BBC41}.Release|Any CPU.Build.0 = Release|Any CPU
		{CAE5A30F-9ED7-4ABA-A576-0A2E568BBC41}.Release|x64.ActiveCfg = Release|Any CPU
		{CAE5A30F-9ED7-4ABA-A576-0A2E568BBC41}.Release|x64.Build.0 = Release|Any CPU
		{CAE5A30F-9ED7-4ABA-A576-0A2E568BBC41}.Release|x86.ActiveCfg = Release|Any CPU
		{CAE5A30F-9ED7-4ABA-A576-0A2E568BBC41}.Release|x86.Build.0 = Release|Any CPU
		{9F4AFECB-C2E5-4C4B-B626-00C9DF98AF6F}.Debug|Any CPU.ActiveCfg = Debug|Any CPU
		{9F4AFECB-C2E5-4C4B-B626-00C9DF98AF6F}.Debug|Any CPU.Build.0 = Debug|Any CPU
		{9F4AFECB-C2E5-4C4B-B626-00C9DF98AF6F}.Debug|x64.ActiveCfg = Debug|Any CPU
		{9F4AFECB-C2E5-4C4B-B626-00C9DF98AF6F}.Debug|x64.Build.0 = Debug|Any CPU
		{9F4AFECB-C2E5-4C4B-B626-00C9DF98AF6F}.Debug|x86.ActiveCfg = Debug|Any CPU
		{9F4AFECB-C2E5-4C4B-B626-00C9DF98AF6F}.Debug|x86.Build.0 = Debug|Any CPU
		{9F4AFECB-C2E5-4C4B-B626-00C9DF98AF6F}.Release|Any CPU.ActiveCfg = Release|Any CPU
		{9F4AFECB-C2E5-4C4B-B626-00C9DF98AF6F}.Release|Any CPU.Build.0 = Release|Any CPU
		{9F4AFECB-C2E5-4C4B-B626-00C9DF98AF6F}.Release|x64.ActiveCfg = Release|Any CPU
		{9F4AFECB-C2E5-4C4B-B626-00C9DF98AF6F}.Release|x64.Build.0 = Release|Any CPU
		{9F4AFECB-C2E5-4C4B-B626-00C9DF98AF6F}.Release|x86.ActiveCfg = Release|Any CPU
		{9F4AFECB-C2E5-4C4B-B626-00C9DF98AF6F}.Release|x86.Build.0 = Release|Any CPU
		{27B19C35-BE4D-4B2E-A1A6-590F08F9A47E}.Debug|Any CPU.ActiveCfg = Debug|Any CPU
		{27B19C35-BE4D-4B2E-A1A6-590F08F9A47E}.Debug|Any CPU.Build.0 = Debug|Any CPU
		{27B19C35-BE4D-4B2E-A1A6-590F08F9A47E}.Debug|x64.ActiveCfg = Debug|Any CPU
		{27B19C35-BE4D-4B2E-A1A6-590F08F9A47E}.Debug|x64.Build.0 = Debug|Any CPU
		{27B19C35-BE4D-4B2E-A1A6-590F08F9A47E}.Debug|x86.ActiveCfg = Debug|Any CPU
		{27B19C35-BE4D-4B2E-A1A6-590F08F9A47E}.Debug|x86.Build.0 = Debug|Any CPU
		{27B19C35-BE4D-4B2E-A1A6-590F08F9A47E}.Release|Any CPU.ActiveCfg = Release|Any CPU
		{27B19C35-BE4D-4B2E-A1A6-590F08F9A47E}.Release|Any CPU.Build.0 = Release|Any CPU
		{27B19C35-BE4D-4B2E-A1A6-590F08F9A47E}.Release|x64.ActiveCfg = Release|Any CPU
		{27B19C35-BE4D-4B2E-A1A6-590F08F9A47E}.Release|x64.Build.0 = Release|Any CPU
		{27B19C35-BE4D-4B2E-A1A6-590F08F9A47E}.Release|x86.ActiveCfg = Release|Any CPU
		{27B19C35-BE4D-4B2E-A1A6-590F08F9A47E}.Release|x86.Build.0 = Release|Any CPU
		{1DB9DB51-582F-42C7-8EF4-1DA23D059128}.Debug|Any CPU.ActiveCfg = Debug|Any CPU
		{1DB9DB51-582F-42C7-8EF4-1DA23D059128}.Debug|Any CPU.Build.0 = Debug|Any CPU
		{1DB9DB51-582F-42C7-8EF4-1DA23D059128}.Debug|x64.ActiveCfg = Debug|Any CPU
		{1DB9DB51-582F-42C7-8EF4-1DA23D059128}.Debug|x64.Build.0 = Debug|Any CPU
		{1DB9DB51-582F-42C7-8EF4-1DA23D059128}.Debug|x86.ActiveCfg = Debug|Any CPU
		{1DB9DB51-582F-42C7-8EF4-1DA23D059128}.Debug|x86.Build.0 = Debug|Any CPU
		{1DB9DB51-582F-42C7-8EF4-1DA23D059128}.Release|Any CPU.ActiveCfg = Release|Any CPU
		{1DB9DB51-582F-42C7-8EF4-1DA23D059128}.Release|Any CPU.Build.0 = Release|Any CPU
		{1DB9DB51-582F-42C7-8EF4-1DA23D059128}.Release|x64.ActiveCfg = Release|Any CPU
		{1DB9DB51-582F-42C7-8EF4-1DA23D059128}.Release|x64.Build.0 = Release|Any CPU
		{1DB9DB51-582F-42C7-8EF4-1DA23D059128}.Release|x86.ActiveCfg = Release|Any CPU
		{1DB9DB51-582F-42C7-8EF4-1DA23D059128}.Release|x86.Build.0 = Release|Any CPU
		{44477FED-13E9-48ED-BD97-E67378981FF2}.Debug|Any CPU.ActiveCfg = Debug|Any CPU
		{44477FED-13E9-48ED-BD97-E67378981FF2}.Debug|Any CPU.Build.0 = Debug|Any CPU
		{44477FED-13E9-48ED-BD97-E67378981FF2}.Debug|x64.ActiveCfg = Debug|Any CPU
		{44477FED-13E9-48ED-BD97-E67378981FF2}.Debug|x64.Build.0 = Debug|Any CPU
		{44477FED-13E9-48ED-BD97-E67378981FF2}.Debug|x86.ActiveCfg = Debug|Any CPU
		{44477FED-13E9-48ED-BD97-E67378981FF2}.Debug|x86.Build.0 = Debug|Any CPU
		{44477FED-13E9-48ED-BD97-E67378981FF2}.Release|Any CPU.ActiveCfg = Release|Any CPU
		{44477FED-13E9-48ED-BD97-E67378981FF2}.Release|Any CPU.Build.0 = Release|Any CPU
		{44477FED-13E9-48ED-BD97-E67378981FF2}.Release|x64.ActiveCfg = Release|Any CPU
		{44477FED-13E9-48ED-BD97-E67378981FF2}.Release|x64.Build.0 = Release|Any CPU
		{44477FED-13E9-48ED-BD97-E67378981FF2}.Release|x86.ActiveCfg = Release|Any CPU
		{44477FED-13E9-48ED-BD97-E67378981FF2}.Release|x86.Build.0 = Release|Any CPU
		{D2DDCA89-FE76-4E55-B322-02AAE7A5DD00}.Debug|Any CPU.ActiveCfg = Debug|Any CPU
		{D2DDCA89-FE76-4E55-B322-02AAE7A5DD00}.Debug|Any CPU.Build.0 = Debug|Any CPU
		{D2DDCA89-FE76-4E55-B322-02AAE7A5DD00}.Debug|x64.ActiveCfg = Debug|Any CPU
		{D2DDCA89-FE76-4E55-B322-02AAE7A5DD00}.Debug|x64.Build.0 = Debug|Any CPU
		{D2DDCA89-FE76-4E55-B322-02AAE7A5DD00}.Debug|x86.ActiveCfg = Debug|Any CPU
		{D2DDCA89-FE76-4E55-B322-02AAE7A5DD00}.Debug|x86.Build.0 = Debug|Any CPU
		{D2DDCA89-FE76-4E55-B322-02AAE7A5DD00}.Release|Any CPU.ActiveCfg = Release|Any CPU
		{D2DDCA89-FE76-4E55-B322-02AAE7A5DD00}.Release|Any CPU.Build.0 = Release|Any CPU
		{D2DDCA89-FE76-4E55-B322-02AAE7A5DD00}.Release|x64.ActiveCfg = Release|Any CPU
		{D2DDCA89-FE76-4E55-B322-02AAE7A5DD00}.Release|x64.Build.0 = Release|Any CPU
		{D2DDCA89-FE76-4E55-B322-02AAE7A5DD00}.Release|x86.ActiveCfg = Release|Any CPU
		{D2DDCA89-FE76-4E55-B322-02AAE7A5DD00}.Release|x86.Build.0 = Release|Any CPU
		{A8525FAF-C76A-4998-9A54-2EF2FE884F8E}.Debug|Any CPU.ActiveCfg = Debug|Any CPU
		{A8525FAF-C76A-4998-9A54-2EF2FE884F8E}.Debug|Any CPU.Build.0 = Debug|Any CPU
		{A8525FAF-C76A-4998-9A54-2EF2FE884F8E}.Debug|x64.ActiveCfg = Debug|Any CPU
		{A8525FAF-C76A-4998-9A54-2EF2FE884F8E}.Debug|x64.Build.0 = Debug|Any CPU
		{A8525FAF-C76A-4998-9A54-2EF2FE884F8E}.Debug|x86.ActiveCfg = Debug|Any CPU
		{A8525FAF-C76A-4998-9A54-2EF2FE884F8E}.Debug|x86.Build.0 = Debug|Any CPU
		{A8525FAF-C76A-4998-9A54-2EF2FE884F8E}.Release|Any CPU.ActiveCfg = Release|Any CPU
		{A8525FAF-C76A-4998-9A54-2EF2FE884F8E}.Release|Any CPU.Build.0 = Release|Any CPU
		{A8525FAF-C76A-4998-9A54-2EF2FE884F8E}.Release|x64.ActiveCfg = Release|Any CPU
		{A8525FAF-C76A-4998-9A54-2EF2FE884F8E}.Release|x64.Build.0 = Release|Any CPU
		{A8525FAF-C76A-4998-9A54-2EF2FE884F8E}.Release|x86.ActiveCfg = Release|Any CPU
		{A8525FAF-C76A-4998-9A54-2EF2FE884F8E}.Release|x86.Build.0 = Release|Any CPU
		{D7C0E3CA-7754-4229-A3F6-EE822FD088E3}.Debug|Any CPU.ActiveCfg = Debug|Any CPU
		{D7C0E3CA-7754-4229-A3F6-EE822FD088E3}.Debug|Any CPU.Build.0 = Debug|Any CPU
		{D7C0E3CA-7754-4229-A3F6-EE822FD088E3}.Debug|x64.ActiveCfg = Debug|Any CPU
		{D7C0E3CA-7754-4229-A3F6-EE822FD088E3}.Debug|x64.Build.0 = Debug|Any CPU
		{D7C0E3CA-7754-4229-A3F6-EE822FD088E3}.Debug|x86.ActiveCfg = Debug|Any CPU
		{D7C0E3CA-7754-4229-A3F6-EE822FD088E3}.Debug|x86.Build.0 = Debug|Any CPU
		{D7C0E3CA-7754-4229-A3F6-EE822FD088E3}.Release|Any CPU.ActiveCfg = Release|Any CPU
		{D7C0E3CA-7754-4229-A3F6-EE822FD088E3}.Release|Any CPU.Build.0 = Release|Any CPU
		{D7C0E3CA-7754-4229-A3F6-EE822FD088E3}.Release|x64.ActiveCfg = Release|Any CPU
		{D7C0E3CA-7754-4229-A3F6-EE822FD088E3}.Release|x64.Build.0 = Release|Any CPU
		{D7C0E3CA-7754-4229-A3F6-EE822FD088E3}.Release|x86.ActiveCfg = Release|Any CPU
		{D7C0E3CA-7754-4229-A3F6-EE822FD088E3}.Release|x86.Build.0 = Release|Any CPU
		{66958FA4-2444-4A5D-91F0-C1CB73ECEB7A}.Debug|Any CPU.ActiveCfg = Debug|Any CPU
		{66958FA4-2444-4A5D-91F0-C1CB73ECEB7A}.Debug|Any CPU.Build.0 = Debug|Any CPU
		{66958FA4-2444-4A5D-91F0-C1CB73ECEB7A}.Debug|x64.ActiveCfg = Debug|Any CPU
		{66958FA4-2444-4A5D-91F0-C1CB73ECEB7A}.Debug|x64.Build.0 = Debug|Any CPU
		{66958FA4-2444-4A5D-91F0-C1CB73ECEB7A}.Debug|x86.ActiveCfg = Debug|Any CPU
		{66958FA4-2444-4A5D-91F0-C1CB73ECEB7A}.Debug|x86.Build.0 = Debug|Any CPU
		{66958FA4-2444-4A5D-91F0-C1CB73ECEB7A}.Release|Any CPU.ActiveCfg = Release|Any CPU
		{66958FA4-2444-4A5D-91F0-C1CB73ECEB7A}.Release|Any CPU.Build.0 = Release|Any CPU
		{66958FA4-2444-4A5D-91F0-C1CB73ECEB7A}.Release|x64.ActiveCfg = Release|Any CPU
		{66958FA4-2444-4A5D-91F0-C1CB73ECEB7A}.Release|x64.Build.0 = Release|Any CPU
		{66958FA4-2444-4A5D-91F0-C1CB73ECEB7A}.Release|x86.ActiveCfg = Release|Any CPU
		{66958FA4-2444-4A5D-91F0-C1CB73ECEB7A}.Release|x86.Build.0 = Release|Any CPU
		{30EA7908-76D5-4E1A-AC81-E8FCCA0760E2}.Debug|Any CPU.ActiveCfg = Debug|Any CPU
		{30EA7908-76D5-4E1A-AC81-E8FCCA0760E2}.Debug|Any CPU.Build.0 = Debug|Any CPU
		{30EA7908-76D5-4E1A-AC81-E8FCCA0760E2}.Debug|x64.ActiveCfg = Debug|Any CPU
		{30EA7908-76D5-4E1A-AC81-E8FCCA0760E2}.Debug|x64.Build.0 = Debug|Any CPU
		{30EA7908-76D5-4E1A-AC81-E8FCCA0760E2}.Debug|x86.ActiveCfg = Debug|Any CPU
		{30EA7908-76D5-4E1A-AC81-E8FCCA0760E2}.Debug|x86.Build.0 = Debug|Any CPU
		{30EA7908-76D5-4E1A-AC81-E8FCCA0760E2}.Release|Any CPU.ActiveCfg = Release|Any CPU
		{30EA7908-76D5-4E1A-AC81-E8FCCA0760E2}.Release|Any CPU.Build.0 = Release|Any CPU
		{30EA7908-76D5-4E1A-AC81-E8FCCA0760E2}.Release|x64.ActiveCfg = Release|Any CPU
		{30EA7908-76D5-4E1A-AC81-E8FCCA0760E2}.Release|x64.Build.0 = Release|Any CPU
		{30EA7908-76D5-4E1A-AC81-E8FCCA0760E2}.Release|x86.ActiveCfg = Release|Any CPU
		{30EA7908-76D5-4E1A-AC81-E8FCCA0760E2}.Release|x86.Build.0 = Release|Any CPU
	EndGlobalSection
	GlobalSection(SolutionProperties) = preSolution
		HideSolutionNode = FALSE
	EndGlobalSection
	GlobalSection(NestedProjects) = preSolution
		{655F0B58-140C-4244-A235-7DD253F1C714} = {353098FA-8E2D-4A19-AE93-21449DB6DDFA}
		{282F7A05-F3A6-4C8E-889A-38009838295C} = {353098FA-8E2D-4A19-AE93-21449DB6DDFA}
		{A747EC04-8014-4484-A6DE-5ADDE3481EAC} = {28B7BA95-2D04-4E80-965F-B1BC9CC1CCFF}
		{CD15AF4A-4E3E-4391-957F-F9CEA91E2CF0} = {28B7BA95-2D04-4E80-965F-B1BC9CC1CCFF}
		{168A6F07-DEE3-46A3-9733-92C9E24A3A98} = {AB276ECA-497C-4E0A-8B9F-1CDB949D0455}
		{7DFD54AD-9F66-4B07-BA4F-86CAE02F4DE5} = {AB276ECA-497C-4E0A-8B9F-1CDB949D0455}
		{89A57E05-AE25-4E8B-9B26-86D117A7CDB0} = {AB276ECA-497C-4E0A-8B9F-1CDB949D0455}
		{73E5625E-B21E-4CD8-8805-C08B1AD3B1CD} = {AB276ECA-497C-4E0A-8B9F-1CDB949D0455}
		{205F1D26-BEE6-48C7-A7E0-D46C003885AB} = {AB276ECA-497C-4E0A-8B9F-1CDB949D0455}
		{57FEAEA1-3692-43A9-9D4B-8395E4AB6139} = {5C5DD7A3-BFEC-443F-B174-BD50503CC6C6}
		{FBB95C6F-E16D-4B2D-941A-8689F852B0D2} = {55E1A193-1FFD-4B94-8DCB-90E0702C0733}
		{CAE5A30F-9ED7-4ABA-A576-0A2E568BBC41} = {55E1A193-1FFD-4B94-8DCB-90E0702C0733}
		{9F4AFECB-C2E5-4C4B-B626-00C9DF98AF6F} = {C77B9177-4331-4EA9-848A-F39795A00F03}
		{27B19C35-BE4D-4B2E-A1A6-590F08F9A47E} = {C77B9177-4331-4EA9-848A-F39795A00F03}
		{1DB9DB51-582F-42C7-8EF4-1DA23D059128} = {28B7BA95-2D04-4E80-965F-B1BC9CC1CCFF}
		{44477FED-13E9-48ED-BD97-E67378981FF2} = {28B7BA95-2D04-4E80-965F-B1BC9CC1CCFF}
		{D2DDCA89-FE76-4E55-B322-02AAE7A5DD00} = {28B7BA95-2D04-4E80-965F-B1BC9CC1CCFF}
		{A8525FAF-C76A-4998-9A54-2EF2FE884F8E} = {353098FA-8E2D-4A19-AE93-21449DB6DDFA}
		{D7C0E3CA-7754-4229-A3F6-EE822FD088E3} = {353098FA-8E2D-4A19-AE93-21449DB6DDFA}
		{66958FA4-2444-4A5D-91F0-C1CB73ECEB7A} = {5C5DD7A3-BFEC-443F-B174-BD50503CC6C6}
		{30EA7908-76D5-4E1A-AC81-E8FCCA0760E2} = {5C5DD7A3-BFEC-443F-B174-BD50503CC6C6}
	EndGlobalSection
	GlobalSection(ExtensibilityGlobals) = postSolution
		SolutionGuid = {1FD2A6BC-4C5D-49AF-85D6-11672B845CD1}
	EndGlobalSection
EndGlobal
